// !$*UTF8*$!
{
	archiveVersion = 1;
	classes = {
	};
	objectVersion = 46;
	objects = {

/* Begin PBXBuildFile section */
		61019729189C6A5D0019E955 /* Foundation.framework in Frameworks */ = {isa = PBXBuildFile; fileRef = 61019728189C6A5D0019E955 /* Foundation.framework */; };
		6101972B189C6A5D0019E955 /* CoreGraphics.framework in Frameworks */ = {isa = PBXBuildFile; fileRef = 6101972A189C6A5D0019E955 /* CoreGraphics.framework */; };
		6101972D189C6A5D0019E955 /* UIKit.framework in Frameworks */ = {isa = PBXBuildFile; fileRef = 6101972C189C6A5D0019E955 /* UIKit.framework */; };
		61019733189C6A5D0019E955 /* InfoPlist.strings in Resources */ = {isa = PBXBuildFile; fileRef = 61019731189C6A5D0019E955 /* InfoPlist.strings */; };
		61019735189C6A5D0019E955 /* main.m in Sources */ = {isa = PBXBuildFile; fileRef = 61019734189C6A5D0019E955 /* main.m */; };
		61019739189C6A5D0019E955 /* RITAppDelegate.m in Sources */ = {isa = PBXBuildFile; fileRef = 61019738189C6A5D0019E955 /* RITAppDelegate.m */; };
		6101973B189C6A5D0019E955 /* Images.xcassets in Resources */ = {isa = PBXBuildFile; fileRef = 6101973A189C6A5D0019E955 /* Images.xcassets */; };
		61019742189C6A5D0019E955 /* XCTest.framework in Frameworks */ = {isa = PBXBuildFile; fileRef = 61019741189C6A5D0019E955 /* XCTest.framework */; };
		61019743189C6A5D0019E955 /* Foundation.framework in Frameworks */ = {isa = PBXBuildFile; fileRef = 61019728189C6A5D0019E955 /* Foundation.framework */; };
		61019744189C6A5D0019E955 /* UIKit.framework in Frameworks */ = {isa = PBXBuildFile; fileRef = 6101972C189C6A5D0019E955 /* UIKit.framework */; };
		6101974C189C6A5D0019E955 /* InfoPlist.strings in Resources */ = {isa = PBXBuildFile; fileRef = 6101974A189C6A5D0019E955 /* InfoPlist.strings */; };
		6101974E189C6A5D0019E955 /* Rise_n_ChimeTests.m in Sources */ = {isa = PBXBuildFile; fileRef = 6101974D189C6A5D0019E955 /* Rise_n_ChimeTests.m */; };
		61019758189C6A7B0019E955 /* Main.storyboard in Resources */ = {isa = PBXBuildFile; fileRef = 61019757189C6A7B0019E955 /* Main.storyboard */; };
		6101975E189C6FCF0019E955 /* RnCAlarmClockViewController.m in Sources */ = {isa = PBXBuildFile; fileRef = 6101975D189C6FCF0019E955 /* RnCAlarmClockViewController.m */; };
		610197A0189C9B2D0019E955 /* Alarm.m in Sources */ = {isa = PBXBuildFile; fileRef = 6101979F189C9B2D0019E955 /* Alarm.m */; };
		610197A3189CA6A60019E955 /* AddAlarmViewController.m in Sources */ = {isa = PBXBuildFile; fileRef = 610197A2189CA6A60019E955 /* AddAlarmViewController.m */; };
		6109DFDD189F02AA00B339F7 /* WorldScene.m in Sources */ = {isa = PBXBuildFile; fileRef = 6109DFDC189F02AA00B339F7 /* WorldScene.m */; };
		61345EE4189F1BDF008C46BB /* world.png in Resources */ = {isa = PBXBuildFile; fileRef = 61345EE3189F1BDF008C46BB /* world.png */; };
		61345EEC189F49C8008C46BB /* sky.png in Resources */ = {isa = PBXBuildFile; fileRef = 61345EEB189F49C8008C46BB /* sky.png */; };
		61345EEF189F4A89008C46BB /* snowParticle.sks in Resources */ = {isa = PBXBuildFile; fileRef = 61345EED189F4A89008C46BB /* snowParticle.sks */; };
		61345EF0189F4A89008C46BB /* spark.png in Resources */ = {isa = PBXBuildFile; fileRef = 61345EEE189F4A89008C46BB /* spark.png */; };
		6150815D189E51DB0039607C /* GameMusicMatchViewController.m in Sources */ = {isa = PBXBuildFile; fileRef = 6150815C189E51DB0039607C /* GameMusicMatchViewController.m */; };
		61508165189E58A20039607C /* Alarm.mp3 in Resources */ = {isa = PBXBuildFile; fileRef = 6150815F189E58A20039607C /* Alarm.mp3 */; };
		61508167189E58A20039607C /* curtains.jpg in Resources */ = {isa = PBXBuildFile; fileRef = 61508161189E58A20039607C /* curtains.jpg */; };
		61508168189E58A20039607C /* paper.jpg in Resources */ = {isa = PBXBuildFile; fileRef = 61508162189E58A20039607C /* paper.jpg */; };
		61508169189E58A20039607C /* rock.jpg in Resources */ = {isa = PBXBuildFile; fileRef = 61508163189E58A20039607C /* rock.jpg */; };
		6150816A189E58A20039607C /* scissors.jpg in Resources */ = {isa = PBXBuildFile; fileRef = 61508164189E58A20039607C /* scissors.jpg */; };
		61F0AC2C189E2764002FAD8D /* GameRPSViewController.m in Sources */ = {isa = PBXBuildFile; fileRef = 61F0AC2B189E2764002FAD8D /* GameRPSViewController.m */; };
/* End PBXBuildFile section */

/* Begin PBXContainerItemProxy section */
		61019745189C6A5D0019E955 /* PBXContainerItemProxy */ = {
			isa = PBXContainerItemProxy;
			containerPortal = 6101971D189C6A5D0019E955 /* Project object */;
			proxyType = 1;
			remoteGlobalIDString = 61019724189C6A5D0019E955;
			remoteInfo = "Rise-n-Chime";
		};
/* End PBXContainerItemProxy section */

/* Begin PBXFileReference section */
		61019725189C6A5D0019E955 /* Rise-n-Chime.app */ = {isa = PBXFileReference; explicitFileType = wrapper.application; includeInIndex = 0; path = "Rise-n-Chime.app"; sourceTree = BUILT_PRODUCTS_DIR; };
		61019728189C6A5D0019E955 /* Foundation.framework */ = {isa = PBXFileReference; lastKnownFileType = wrapper.framework; name = Foundation.framework; path = System/Library/Frameworks/Foundation.framework; sourceTree = SDKROOT; };
		6101972A189C6A5D0019E955 /* CoreGraphics.framework */ = {isa = PBXFileReference; lastKnownFileType = wrapper.framework; name = CoreGraphics.framework; path = System/Library/Frameworks/CoreGraphics.framework; sourceTree = SDKROOT; };
		6101972C189C6A5D0019E955 /* UIKit.framework */ = {isa = PBXFileReference; lastKnownFileType = wrapper.framework; name = UIKit.framework; path = System/Library/Frameworks/UIKit.framework; sourceTree = SDKROOT; };
		61019730189C6A5D0019E955 /* Rise-n-Chime-Info.plist */ = {isa = PBXFileReference; lastKnownFileType = text.plist.xml; path = "Rise-n-Chime-Info.plist"; sourceTree = "<group>"; };
		61019732189C6A5D0019E955 /* en */ = {isa = PBXFileReference; lastKnownFileType = text.plist.strings; name = en; path = en.lproj/InfoPlist.strings; sourceTree = "<group>"; };
		61019734189C6A5D0019E955 /* main.m */ = {isa = PBXFileReference; lastKnownFileType = sourcecode.c.objc; path = main.m; sourceTree = "<group>"; };
		61019736189C6A5D0019E955 /* Rise-n-Chime-Prefix.pch */ = {isa = PBXFileReference; lastKnownFileType = sourcecode.c.h; path = "Rise-n-Chime-Prefix.pch"; sourceTree = "<group>"; };
		61019737189C6A5D0019E955 /* RITAppDelegate.h */ = {isa = PBXFileReference; lastKnownFileType = sourcecode.c.h; path = RITAppDelegate.h; sourceTree = "<group>"; };
		61019738189C6A5D0019E955 /* RITAppDelegate.m */ = {isa = PBXFileReference; lastKnownFileType = sourcecode.c.objc; path = RITAppDelegate.m; sourceTree = "<group>"; };
		6101973A189C6A5D0019E955 /* Images.xcassets */ = {isa = PBXFileReference; lastKnownFileType = folder.assetcatalog; path = Images.xcassets; sourceTree = "<group>"; };
		61019740189C6A5D0019E955 /* Rise-n-ChimeTests.xctest */ = {isa = PBXFileReference; explicitFileType = wrapper.cfbundle; includeInIndex = 0; path = "Rise-n-ChimeTests.xctest"; sourceTree = BUILT_PRODUCTS_DIR; };
		61019741189C6A5D0019E955 /* XCTest.framework */ = {isa = PBXFileReference; lastKnownFileType = wrapper.framework; name = XCTest.framework; path = Library/Frameworks/XCTest.framework; sourceTree = DEVELOPER_DIR; };
		61019749189C6A5D0019E955 /* Rise-n-ChimeTests-Info.plist */ = {isa = PBXFileReference; lastKnownFileType = text.plist.xml; path = "Rise-n-ChimeTests-Info.plist"; sourceTree = "<group>"; };
		6101974B189C6A5D0019E955 /* en */ = {isa = PBXFileReference; lastKnownFileType = text.plist.strings; name = en; path = en.lproj/InfoPlist.strings; sourceTree = "<group>"; };
		6101974D189C6A5D0019E955 /* Rise_n_ChimeTests.m */ = {isa = PBXFileReference; lastKnownFileType = sourcecode.c.objc; path = Rise_n_ChimeTests.m; sourceTree = "<group>"; };
		61019757189C6A7B0019E955 /* Main.storyboard */ = {isa = PBXFileReference; fileEncoding = 4; lastKnownFileType = file.storyboard; path = Main.storyboard; sourceTree = "<group>"; };
		6101975C189C6FCF0019E955 /* RnCAlarmClockViewController.h */ = {isa = PBXFileReference; fileEncoding = 4; lastKnownFileType = sourcecode.c.h; path = RnCAlarmClockViewController.h; sourceTree = "<group>"; };
		6101975D189C6FCF0019E955 /* RnCAlarmClockViewController.m */ = {isa = PBXFileReference; fileEncoding = 4; lastKnownFileType = sourcecode.c.objc; path = RnCAlarmClockViewController.m; sourceTree = "<group>"; };
		6101979E189C9B2D0019E955 /* Alarm.h */ = {isa = PBXFileReference; fileEncoding = 4; lastKnownFileType = sourcecode.c.h; path = Alarm.h; sourceTree = "<group>"; };
		6101979F189C9B2D0019E955 /* Alarm.m */ = {isa = PBXFileReference; fileEncoding = 4; lastKnownFileType = sourcecode.c.objc; path = Alarm.m; sourceTree = "<group>"; };
		610197A1189CA6A60019E955 /* AddAlarmViewController.h */ = {isa = PBXFileReference; fileEncoding = 4; lastKnownFileType = sourcecode.c.h; path = AddAlarmViewController.h; sourceTree = "<group>"; };
		610197A2189CA6A60019E955 /* AddAlarmViewController.m */ = {isa = PBXFileReference; fileEncoding = 4; lastKnownFileType = sourcecode.c.objc; path = AddAlarmViewController.m; sourceTree = "<group>"; };
		6109DFDB189F02AA00B339F7 /* WorldScene.h */ = {isa = PBXFileReference; fileEncoding = 4; lastKnownFileType = sourcecode.c.h; path = WorldScene.h; sourceTree = "<group>"; };
		6109DFDC189F02AA00B339F7 /* WorldScene.m */ = {isa = PBXFileReference; fileEncoding = 4; lastKnownFileType = sourcecode.c.objc; path = WorldScene.m; sourceTree = "<group>"; };
		61345EE3189F1BDF008C46BB /* world.png */ = {isa = PBXFileReference; lastKnownFileType = image.png; path = world.png; sourceTree = "<group>"; };
		61345EEB189F49C8008C46BB /* sky.png */ = {isa = PBXFileReference; lastKnownFileType = image.png; path = sky.png; sourceTree = "<group>"; };
		61345EED189F4A89008C46BB /* snowParticle.sks */ = {isa = PBXFileReference; lastKnownFileType = file.sks; path = snowParticle.sks; sourceTree = "<group>"; };
		61345EEE189F4A89008C46BB /* spark.png */ = {isa = PBXFileReference; lastKnownFileType = image.png; path = spark.png; sourceTree = "<group>"; };
		6150815B189E51DB0039607C /* GameMusicMatchViewController.h */ = {isa = PBXFileReference; fileEncoding = 4; lastKnownFileType = sourcecode.c.h; path = GameMusicMatchViewController.h; sourceTree = "<group>"; };
		6150815C189E51DB0039607C /* GameMusicMatchViewController.m */ = {isa = PBXFileReference; fileEncoding = 4; lastKnownFileType = sourcecode.c.objc; path = GameMusicMatchViewController.m; sourceTree = "<group>"; };
		6150815F189E58A20039607C /* Alarm.mp3 */ = {isa = PBXFileReference; lastKnownFileType = audio.mp3; path = Alarm.mp3; sourceTree = "<group>"; };
		61508161189E58A20039607C /* curtains.jpg */ = {isa = PBXFileReference; lastKnownFileType = image.jpeg; path = curtains.jpg; sourceTree = "<group>"; };
		61508162189E58A20039607C /* paper.jpg */ = {isa = PBXFileReference; lastKnownFileType = image.jpeg; path = paper.jpg; sourceTree = "<group>"; };
		61508163189E58A20039607C /* rock.jpg */ = {isa = PBXFileReference; lastKnownFileType = image.jpeg; path = rock.jpg; sourceTree = "<group>"; };
		61508164189E58A20039607C /* scissors.jpg */ = {isa = PBXFileReference; lastKnownFileType = image.jpeg; path = scissors.jpg; sourceTree = "<group>"; };
		61F0AC2A189E2764002FAD8D /* GameRPSViewController.h */ = {isa = PBXFileReference; fileEncoding = 4; lastKnownFileType = sourcecode.c.h; path = GameRPSViewController.h; sourceTree = "<group>"; };
		61F0AC2B189E2764002FAD8D /* GameRPSViewController.m */ = {isa = PBXFileReference; fileEncoding = 4; lastKnownFileType = sourcecode.c.objc; path = GameRPSViewController.m; sourceTree = "<group>"; };
/* End PBXFileReference section */

/* Begin PBXFrameworksBuildPhase section */
		61019722189C6A5D0019E955 /* Frameworks */ = {
			isa = PBXFrameworksBuildPhase;
			buildActionMask = 2147483647;
			files = (
				6101972B189C6A5D0019E955 /* CoreGraphics.framework in Frameworks */,
				6101972D189C6A5D0019E955 /* UIKit.framework in Frameworks */,
				61019729189C6A5D0019E955 /* Foundation.framework in Frameworks */,
			);
			runOnlyForDeploymentPostprocessing = 0;
		};
		6101973D189C6A5D0019E955 /* Frameworks */ = {
			isa = PBXFrameworksBuildPhase;
			buildActionMask = 2147483647;
			files = (
				61019742189C6A5D0019E955 /* XCTest.framework in Frameworks */,
				61019744189C6A5D0019E955 /* UIKit.framework in Frameworks */,
				61019743189C6A5D0019E955 /* Foundation.framework in Frameworks */,
			);
			runOnlyForDeploymentPostprocessing = 0;
		};
/* End PBXFrameworksBuildPhase section */

/* Begin PBXGroup section */
		6101971C189C6A5D0019E955 = {
			isa = PBXGroup;
			children = (
				6109DFDB189F02AA00B339F7 /* WorldScene.h */,
				6109DFDC189F02AA00B339F7 /* WorldScene.m */,
				61345EED189F4A89008C46BB /* snowParticle.sks */,
				61345EEE189F4A89008C46BB /* spark.png */,
				61019757189C6A7B0019E955 /* Main.storyboard */,
				6150815B189E51DB0039607C /* GameMusicMatchViewController.h */,
				6150815C189E51DB0039607C /* GameMusicMatchViewController.m */,
				610197A1189CA6A60019E955 /* AddAlarmViewController.h */,
				610197A2189CA6A60019E955 /* AddAlarmViewController.m */,
				6101975C189C6FCF0019E955 /* RnCAlarmClockViewController.h */,
				6101979E189C9B2D0019E955 /* Alarm.h */,
				6101979F189C9B2D0019E955 /* Alarm.m */,
				6101975D189C6FCF0019E955 /* RnCAlarmClockViewController.m */,
				61F0AC2A189E2764002FAD8D /* GameRPSViewController.h */,
				61F0AC2B189E2764002FAD8D /* GameRPSViewController.m */,
				6101972E189C6A5D0019E955 /* Rise-n-Chime */,
				61019747189C6A5D0019E955 /* Rise-n-ChimeTests */,
				61019727189C6A5D0019E955 /* Frameworks */,
				61019726189C6A5D0019E955 /* Products */,
			);
			sourceTree = "<group>";
		};
		61019726189C6A5D0019E955 /* Products */ = {
			isa = PBXGroup;
			children = (
				61019725189C6A5D0019E955 /* Rise-n-Chime.app */,
				61019740189C6A5D0019E955 /* Rise-n-ChimeTests.xctest */,
			);
			name = Products;
			sourceTree = "<group>";
		};
		61019727189C6A5D0019E955 /* Frameworks */ = {
			isa = PBXGroup;
			children = (
				61019728189C6A5D0019E955 /* Foundation.framework */,
				6101972A189C6A5D0019E955 /* CoreGraphics.framework */,
				6101972C189C6A5D0019E955 /* UIKit.framework */,
				61019741189C6A5D0019E955 /* XCTest.framework */,
			);
			name = Frameworks;
			sourceTree = "<group>";
		};
		6101972E189C6A5D0019E955 /* Rise-n-Chime */ = {
			isa = PBXGroup;
			children = (
				61019737189C6A5D0019E955 /* RITAppDelegate.h */,
				61019738189C6A5D0019E955 /* RITAppDelegate.m */,
				6101973A189C6A5D0019E955 /* Images.xcassets */,
				6101972F189C6A5D0019E955 /* Supporting Files */,
			);
			path = "Rise-n-Chime";
			sourceTree = "<group>";
		};
		6101972F189C6A5D0019E955 /* Supporting Files */ = {
			isa = PBXGroup;
			children = (
				6150815E189E58A20039607C /* App Media */,
				61019730189C6A5D0019E955 /* Rise-n-Chime-Info.plist */,
				61019731189C6A5D0019E955 /* InfoPlist.strings */,
				61019734189C6A5D0019E955 /* main.m */,
				61019736189C6A5D0019E955 /* Rise-n-Chime-Prefix.pch */,
			);
			name = "Supporting Files";
			sourceTree = "<group>";
		};
		61019747189C6A5D0019E955 /* Rise-n-ChimeTests */ = {
			isa = PBXGroup;
			children = (
				6101974D189C6A5D0019E955 /* Rise_n_ChimeTests.m */,
				61019748189C6A5D0019E955 /* Supporting Files */,
			);
			path = "Rise-n-ChimeTests";
			sourceTree = "<group>";
		};
		61019748189C6A5D0019E955 /* Supporting Files */ = {
			isa = PBXGroup;
			children = (
				61019749189C6A5D0019E955 /* Rise-n-ChimeTests-Info.plist */,
				6101974A189C6A5D0019E955 /* InfoPlist.strings */,
			);
			name = "Supporting Files";
			sourceTree = "<group>";
		};
		6150815E189E58A20039607C /* App Media */ = {
			isa = PBXGroup;
			children = (
				61345EE3189F1BDF008C46BB /* world.png */,
				6150815F189E58A20039607C /* Alarm.mp3 */,
				61508161189E58A20039607C /* curtains.jpg */,
				61508162189E58A20039607C /* paper.jpg */,
				61345EEB189F49C8008C46BB /* sky.png */,
				61508163189E58A20039607C /* rock.jpg */,
				61508164189E58A20039607C /* scissors.jpg */,
			);
			path = "App Media";
			sourceTree = SOURCE_ROOT;
		};
/* End PBXGroup section */

/* Begin PBXNativeTarget section */
		61019724189C6A5D0019E955 /* Rise-n-Chime */ = {
			isa = PBXNativeTarget;
			buildConfigurationList = 61019751189C6A5D0019E955 /* Build configuration list for PBXNativeTarget "Rise-n-Chime" */;
			buildPhases = (
				61019721189C6A5D0019E955 /* Sources */,
				61019722189C6A5D0019E955 /* Frameworks */,
				61019723189C6A5D0019E955 /* Resources */,
			);
			buildRules = (
			);
			dependencies = (
			);
			name = "Rise-n-Chime";
			productName = "Rise-n-Chime";
			productReference = 61019725189C6A5D0019E955 /* Rise-n-Chime.app */;
			productType = "com.apple.product-type.application";
		};
		6101973F189C6A5D0019E955 /* Rise-n-ChimeTests */ = {
			isa = PBXNativeTarget;
			buildConfigurationList = 61019754189C6A5D0019E955 /* Build configuration list for PBXNativeTarget "Rise-n-ChimeTests" */;
			buildPhases = (
				6101973C189C6A5D0019E955 /* Sources */,
				6101973D189C6A5D0019E955 /* Frameworks */,
				6101973E189C6A5D0019E955 /* Resources */,
			);
			buildRules = (
			);
			dependencies = (
				61019746189C6A5D0019E955 /* PBXTargetDependency */,
			);
			name = "Rise-n-ChimeTests";
			productName = "Rise-n-ChimeTests";
			productReference = 61019740189C6A5D0019E955 /* Rise-n-ChimeTests.xctest */;
			productType = "com.apple.product-type.bundle.unit-test";
		};
/* End PBXNativeTarget section */

/* Begin PBXProject section */
		6101971D189C6A5D0019E955 /* Project object */ = {
			isa = PBXProject;
			attributes = {
				CLASSPREFIX = RIT;
				LastUpgradeCheck = 0500;
				ORGANIZATIONNAME = RIT;
				TargetAttributes = {
					6101973F189C6A5D0019E955 = {
						TestTargetID = 61019724189C6A5D0019E955;
					};
				};
			};
			buildConfigurationList = 61019720189C6A5D0019E955 /* Build configuration list for PBXProject "Rise-n-Chime" */;
			compatibilityVersion = "Xcode 3.2";
			developmentRegion = English;
			hasScannedForEncodings = 0;
			knownRegions = (
				en,
			);
			mainGroup = 6101971C189C6A5D0019E955;
			productRefGroup = 61019726189C6A5D0019E955 /* Products */;
			projectDirPath = "";
			projectRoot = "";
			targets = (
				61019724189C6A5D0019E955 /* Rise-n-Chime */,
				6101973F189C6A5D0019E955 /* Rise-n-ChimeTests */,
			);
		};
/* End PBXProject section */

/* Begin PBXResourcesBuildPhase section */
		61019723189C6A5D0019E955 /* Resources */ = {
			isa = PBXResourcesBuildPhase;
			buildActionMask = 2147483647;
			files = (
				61508165189E58A20039607C /* Alarm.mp3 in Resources */,
				61345EF0189F4A89008C46BB /* spark.png in Resources */,
				61345EEC189F49C8008C46BB /* sky.png in Resources */,
				61019758189C6A7B0019E955 /* Main.storyboard in Resources */,
				61508168189E58A20039607C /* paper.jpg in Resources */,
				61508167189E58A20039607C /* curtains.jpg in Resources */,
				61345EEF189F4A89008C46BB /* snowParticle.sks in Resources */,
				61345EE4189F1BDF008C46BB /* world.png in Resources */,
				61019733189C6A5D0019E955 /* InfoPlist.strings in Resources */,
				61508169189E58A20039607C /* rock.jpg in Resources */,
				6150816A189E58A20039607C /* scissors.jpg in Resources */,
				6101973B189C6A5D0019E955 /* Images.xcassets in Resources */,
			);
			runOnlyForDeploymentPostprocessing = 0;
		};
		6101973E189C6A5D0019E955 /* Resources */ = {
			isa = PBXResourcesBuildPhase;
			buildActionMask = 2147483647;
			files = (
				6101974C189C6A5D0019E955 /* InfoPlist.strings in Resources */,
			);
			runOnlyForDeploymentPostprocessing = 0;
		};
/* End PBXResourcesBuildPhase section */

/* Begin PBXSourcesBuildPhase section */
		61019721189C6A5D0019E955 /* Sources */ = {
			isa = PBXSourcesBuildPhase;
			buildActionMask = 2147483647;
			files = (
				61019739189C6A5D0019E955 /* RITAppDelegate.m in Sources */,
				61019735189C6A5D0019E955 /* main.m in Sources */,
				6150815D189E51DB0039607C /* GameMusicMatchViewController.m in Sources */,
				61F0AC2C189E2764002FAD8D /* GameRPSViewController.m in Sources */,
				6101975E189C6FCF0019E955 /* RnCAlarmClockViewController.m in Sources */,
				6109DFDD189F02AA00B339F7 /* WorldScene.m in Sources */,
				610197A0189C9B2D0019E955 /* Alarm.m in Sources */,
				610197A3189CA6A60019E955 /* AddAlarmViewController.m in Sources */,
			);
			runOnlyForDeploymentPostprocessing = 0;
		};
		6101973C189C6A5D0019E955 /* Sources */ = {
			isa = PBXSourcesBuildPhase;
			buildActionMask = 2147483647;
			files = (
				6101974E189C6A5D0019E955 /* Rise_n_ChimeTests.m in Sources */,
			);
			runOnlyForDeploymentPostprocessing = 0;
		};
/* End PBXSourcesBuildPhase section */

/* Begin PBXTargetDependency section */
		61019746189C6A5D0019E955 /* PBXTargetDependency */ = {
			isa = PBXTargetDependency;
			target = 61019724189C6A5D0019E955 /* Rise-n-Chime */;
			targetProxy = 61019745189C6A5D0019E955 /* PBXContainerItemProxy */;
		};
/* End PBXTargetDependency section */

/* Begin PBXVariantGroup section */
		61019731189C6A5D0019E955 /* InfoPlist.strings */ = {
			isa = PBXVariantGroup;
			children = (
				61019732189C6A5D0019E955 /* en */,
			);
			name = InfoPlist.strings;
			sourceTree = "<group>";
		};
		6101974A189C6A5D0019E955 /* InfoPlist.strings */ = {
			isa = PBXVariantGroup;
			children = (
				6101974B189C6A5D0019E955 /* en */,
			);
			name = InfoPlist.strings;
			sourceTree = "<group>";
		};
/* End PBXVariantGroup section */

/* Begin XCBuildConfiguration section */
		6101974F189C6A5D0019E955 /* Debug */ = {
			isa = XCBuildConfiguration;
			buildSettings = {
				ALWAYS_SEARCH_USER_PATHS = NO;
				ARCHS = "$(ARCHS_STANDARD_INCLUDING_64_BIT)";
				CLANG_CXX_LANGUAGE_STANDARD = "gnu++0x";
				CLANG_CXX_LIBRARY = "libc++";
				CLANG_ENABLE_MODULES = YES;
				CLANG_ENABLE_OBJC_ARC = YES;
				CLANG_WARN_BOOL_CONVERSION = YES;
				CLANG_WARN_CONSTANT_CONVERSION = YES;
				CLANG_WARN_DIRECT_OBJC_ISA_USAGE = YES_ERROR;
				CLANG_WARN_EMPTY_BODY = YES;
				CLANG_WARN_ENUM_CONVERSION = YES;
				CLANG_WARN_INT_CONVERSION = YES;
				CLANG_WARN_OBJC_ROOT_CLASS = YES_ERROR;
				CLANG_WARN__DUPLICATE_METHOD_MATCH = YES;
				"CODE_SIGN_IDENTITY[sdk=iphoneos*]" = "iPhone Developer";
				COPY_PHASE_STRIP = NO;
				GCC_C_LANGUAGE_STANDARD = gnu99;
				GCC_DYNAMIC_NO_PIC = NO;
				GCC_OPTIMIZATION_LEVEL = 0;
				GCC_PREPROCESSOR_DEFINITIONS = (
					"DEBUG=1",
					"$(inherited)",
				);
				GCC_SYMBOLS_PRIVATE_EXTERN = NO;
				GCC_WARN_64_TO_32_BIT_CONVERSION = YES;
				GCC_WARN_ABOUT_RETURN_TYPE = YES_ERROR;
				GCC_WARN_UNDECLARED_SELECTOR = YES;
				GCC_WARN_UNINITIALIZED_AUTOS = YES;
				GCC_WARN_UNUSED_FUNCTION = YES;
				GCC_WARN_UNUSED_VARIABLE = YES;
				IPHONEOS_DEPLOYMENT_TARGET = 7.0;
				ONLY_ACTIVE_ARCH = YES;
				SDKROOT = iphoneos;
			};
			name = Debug;
		};
		61019750189C6A5D0019E955 /* Release */ = {
			isa = XCBuildConfiguration;
			buildSettings = {
				ALWAYS_SEARCH_USER_PATHS = NO;
				ARCHS = "$(ARCHS_STANDARD_INCLUDING_64_BIT)";
				CLANG_CXX_LANGUAGE_STANDARD = "gnu++0x";
				CLANG_CXX_LIBRARY = "libc++";
				CLANG_ENABLE_MODULES = YES;
				CLANG_ENABLE_OBJC_ARC = YES;
				CLANG_WARN_BOOL_CONVERSION = YES;
				CLANG_WARN_CONSTANT_CONVERSION = YES;
				CLANG_WARN_DIRECT_OBJC_ISA_USAGE = YES_ERROR;
				CLANG_WARN_EMPTY_BODY = YES;
				CLANG_WARN_ENUM_CONVERSION = YES;
				CLANG_WARN_INT_CONVERSION = YES;
				CLANG_WARN_OBJC_ROOT_CLASS = YES_ERROR;
				CLANG_WARN__DUPLICATE_METHOD_MATCH = YES;
				"CODE_SIGN_IDENTITY[sdk=iphoneos*]" = "iPhone Developer";
				COPY_PHASE_STRIP = YES;
				ENABLE_NS_ASSERTIONS = NO;
				GCC_C_LANGUAGE_STANDARD = gnu99;
				GCC_WARN_64_TO_32_BIT_CONVERSION = YES;
				GCC_WARN_ABOUT_RETURN_TYPE = YES_ERROR;
				GCC_WARN_UNDECLARED_SELECTOR = YES;
				GCC_WARN_UNINITIALIZED_AUTOS = YES;
				GCC_WARN_UNUSED_FUNCTION = YES;
				GCC_WARN_UNUSED_VARIABLE = YES;
				IPHONEOS_DEPLOYMENT_TARGET = 7.0;
				SDKROOT = iphoneos;
				VALIDATE_PRODUCT = YES;
			};
			name = Release;
		};
		61019752189C6A5D0019E955 /* Debug */ = {
			isa = XCBuildConfiguration;
			buildSettings = {
				ASSETCATALOG_COMPILER_APPICON_NAME = AppIcon;
				ASSETCATALOG_COMPILER_LAUNCHIMAGE_NAME = LaunchImage;
				GCC_PRECOMPILE_PREFIX_HEADER = YES;
				GCC_PREFIX_HEADER = "Rise-n-Chime/Rise-n-Chime-Prefix.pch";
				INFOPLIST_FILE = "Rise-n-Chime/Rise-n-Chime-Info.plist";
				PRODUCT_NAME = "$(TARGET_NAME)";
				WRAPPER_EXTENSION = app;
			};
			name = Debug;
		};
		61019753189C6A5D0019E955 /* Release */ = {
			isa = XCBuildConfiguration;
			buildSettings = {
				ASSETCATALOG_COMPILER_APPICON_NAME = AppIcon;
				ASSETCATALOG_COMPILER_LAUNCHIMAGE_NAME = LaunchImage;
				GCC_PRECOMPILE_PREFIX_HEADER = YES;
				GCC_PREFIX_HEADER = "Rise-n-Chime/Rise-n-Chime-Prefix.pch";
				INFOPLIST_FILE = "Rise-n-Chime/Rise-n-Chime-Info.plist";
				PRODUCT_NAME = "$(TARGET_NAME)";
				WRAPPER_EXTENSION = app;
			};
			name = Release;
		};
		61019755189C6A5D0019E955 /* Debug */ = {
			isa = XCBuildConfiguration;
			buildSettings = {
				ARCHS = "$(ARCHS_STANDARD_INCLUDING_64_BIT)";
				BUNDLE_LOADER = "$(BUILT_PRODUCTS_DIR)/Rise-n-Chime.app/Rise-n-Chime";
				FRAMEWORK_SEARCH_PATHS = (
					"$(SDKROOT)/Developer/Library/Frameworks",
					"$(inherited)",
					"$(DEVELOPER_FRAMEWORKS_DIR)",
				);
				GCC_PRECOMPILE_PREFIX_HEADER = YES;
				GCC_PREFIX_HEADER = "Rise-n-Chime/Rise-n-Chime-Prefix.pch";
				GCC_PREPROCESSOR_DEFINITIONS = (
					"DEBUG=1",
					"$(inherited)",
				);
				INFOPLIST_FILE = "Rise-n-ChimeTests/Rise-n-ChimeTests-Info.plist";
				PRODUCT_NAME = "$(TARGET_NAME)";
				TEST_HOST = "$(BUNDLE_LOADER)";
				WRAPPER_EXTENSION = xctest;
			};
			name = Debug;
		};
		61019756189C6A5D0019E955 /* Release */ = {
			isa = XCBuildConfiguration;
			buildSettings = {
				ARCHS = "$(ARCHS_STANDARD_INCLUDING_64_BIT)";
				BUNDLE_LOADER = "$(BUILT_PRODUCTS_DIR)/Rise-n-Chime.app/Rise-n-Chime";
				FRAMEWORK_SEARCH_PATHS = (
					"$(SDKROOT)/Developer/Library/Frameworks",
					"$(inherited)",
					"$(DEVELOPER_FRAMEWORKS_DIR)",
				);
				GCC_PRECOMPILE_PREFIX_HEADER = YES;
				GCC_PREFIX_HEADER = "Rise-n-Chime/Rise-n-Chime-Prefix.pch";
				INFOPLIST_FILE = "Rise-n-ChimeTests/Rise-n-ChimeTests-Info.plist";
				PRODUCT_NAME = "$(TARGET_NAME)";
				TEST_HOST = "$(BUNDLE_LOADER)";
				WRAPPER_EXTENSION = xctest;
			};
			name = Release;
		};
/* End XCBuildConfiguration section */

/* Begin XCConfigurationList section */
		61019720189C6A5D0019E955 /* Build configuration list for PBXProject "Rise-n-Chime" */ = {
			isa = XCConfigurationList;
			buildConfigurations = (
				6101974F189C6A5D0019E955 /* Debug */,
				61019750189C6A5D0019E955 /* Release */,
			);
			defaultConfigurationIsVisible = 0;
			defaultConfigurationName = Release;
		};
		61019751189C6A5D0019E955 /* Build configuration list for PBXNativeTarget "Rise-n-Chime" */ = {
			isa = XCConfigurationList;
			buildConfigurations = (
				61019752189C6A5D0019E955 /* Debug */,
				61019753189C6A5D0019E955 /* Release */,
			);
			defaultConfigurationIsVisible = 0;
			defaultConfigurationName = Release;
		};
		61019754189C6A5D0019E955 /* Build configuration list for PBXNativeTarget "Rise-n-ChimeTests" */ = {
			isa = XCConfigurationList;
			buildConfigurations = (
				61019755189C6A5D0019E955 /* Debug */,
				61019756189C6A5D0019E955 /* Release */,
			);
			defaultConfigurationIsVisible = 0;
			defaultConfigurationName = Release;
		};
/* End XCConfigurationList section */
	};
	rootObject = 6101971D189C6A5D0019E955 /* Project object */;
}
